# This file is autogenerated, do not edit; changes may be undone by the next 'dep ensure'.


[[projects]]
  name = "github.com/pkg/errors"
  packages = ["."]
  revision = "645ef00459ed84a119197bfb8d8205042c6df63d"
  version = "v0.8.0"

[[projects]]
  name = "github.com/streadway/amqp"
  packages = ["."]
  revision = "7db842394ca79f338f781d47bc59115f44adb20b"

[[projects]]
  name = "github.com/ugorji/go"
  packages = ["codec"]
  revision = "9831f2c3ac1068a78f50999a30db84270f647af6"
  version = "v1.1"

[solve-meta]
  analyzer-name = "dep"
  analyzer-version = 1
  inputs-digest = "7839032ff68ddcf2177c1bfd9cb4a0bee36d38c7130356f5bae6123e60afb9d7"
  solver-name = "gps-cdcl"
  solver-version = 1
