# This file is autogenerated, do not edit; changes may be undone by the next 'dep ensure'.


[[projects]]
  name = "github.com/pkg/errors"
  packages = ["."]
  revision = "645ef00459ed84a119197bfb8d8205042c6df63d"
  version = "v0.8.0"

[[projects]]
  name = "github.com/streadway/amqp"
  packages = ["."]
  revision = "7db842394ca79f338f781d47bc59115f44adb20b"

[solve-meta]
  analyzer-name = "dep"
  analyzer-version = 1
  inputs-digest = "330c2e9ff3b0a7f4e90dc18184e4f58dfa78d42fa39fc00833a906c740f2817a"
  solver-name = "gps-cdcl"
  solver-version = 1
